
Microsoft Visual Studio Solution File, Format Version 12.00
# Visual Studio Version 16
VisualStudioVersion = 16.0.30907.101
MinimumVisualStudioVersion = 10.0.40219.1
Project("{FAE04EC0-301F-11D3-BF4B-00C04F79EFBC}") = "PrometheusBot", "PrometheusBot\PrometheusBot.csproj", "{A7605EC5-4982-496E-8768-6B671D599940}"
EndProject
Global
	GlobalSection(SolutionConfigurationPlatforms) = preSolution
		Debug|Any CPU = Debug|Any CPU
		Release|Any CPU = Release|Any CPU
	EndGlobalSection
	GlobalSection(ProjectConfigurationPlatforms) = postSolution
		{A7605EC5-4982-496E-8768-6B671D599940}.Debug|Any CPU.ActiveCfg = Debug|Any CPU
		{A7605EC5-4982-496E-8768-6B671D599940}.Debug|Any CPU.Build.0 = Debug|Any CPU
		{A7605EC5-4982-496E-8768-6B671D599940}.Release|Any CPU.ActiveCfg = Release|Any CPU
		{A7605EC5-4982-496E-8768-6B671D599940}.Release|Any CPU.Build.0 = Release|Any CPU
	EndGlobalSection
	GlobalSection(SolutionProperties) = preSolution
		HideSolutionNode = FALSE
	EndGlobalSection
	GlobalSection(ExtensibilityGlobals) = postSolution
		SolutionGuid = {C835179F-C37F-4805-A1A5-7D1984ECF470}
	EndGlobalSection
EndGlobal
